
Microsoft Visual Studio Solution File, Format Version 12.00
# Visual Studio Version 17
VisualStudioVersion = 17.13.35825.156 d17.13
MinimumVisualStudioVersion = 10.0.40219.1
Project("{FAE04EC0-301F-11D3-BF4B-00C04F79EFBC}") = "TheSystemRoboDkTest", "TheSystemRoboDkTest\TheSystemRoboDkTest.csproj", "{551D1B8E-A83C-418B-909C-166F0ECD7ADD}"
EndProject
Global
	GlobalSection(SolutionConfigurationPlatforms) = preSolution
		Debug|Any CPU = Debug|Any CPU
		Release|Any CPU = Release|Any CPU
	EndGlobalSection
	GlobalSection(ProjectConfigurationPlatforms) = postSolution
		{551D1B8E-A83C-418B-909C-166F0ECD7ADD}.Debug|Any CPU.ActiveCfg = Debug|Any CPU
		{551D1B8E-A83C-418B-909C-166F0ECD7ADD}.Debug|Any CPU.Build.0 = Debug|Any CPU
		{551D1B8E-A83C-418B-909C-166F0ECD7ADD}.Release|Any CPU.ActiveCfg = Release|Any CPU
		{551D1B8E-A83C-418B-909C-166F0ECD7ADD}.Release|Any CPU.Build.0 = Release|Any CPU
	EndGlobalSection
	GlobalSection(SolutionProperties) = preSolution
		HideSolutionNode = FALSE
	EndGlobalSection
	GlobalSection(ExtensibilityGlobals) = postSolution
		SolutionGuid = {DC271F65-0FB8-4C8D-9576-0082655D9A19}
	EndGlobalSection
EndGlobal
